// !$*UTF8*$!
{
	archiveVersion = 1;
	classes = {
	};
	objectVersion = 56;
	objects = {

/* Begin PBXBuildFile section */
		A51326542B7F98B1007BFF28 /* LogInViewModel.swift in Sources */ = {isa = PBXBuildFile; fileRef = A51326532B7F98B1007BFF28 /* LogInViewModel.swift */; };
		A51326582B7F99C2007BFF28 /* ContentViewModel.swift in Sources */ = {isa = PBXBuildFile; fileRef = A51326572B7F99C2007BFF28 /* ContentViewModel.swift */; };
		A532164E2B73ADB400942F6F /* ThreadsTextFieldModifier.swift in Sources */ = {isa = PBXBuildFile; fileRef = A532164D2B73ADB400942F6F /* ThreadsTextFieldModifier.swift */; };
		A53216522B73AE3C00942F6F /* RegistrationView.swift in Sources */ = {isa = PBXBuildFile; fileRef = A53216512B73AE3C00942F6F /* RegistrationView.swift */; };
		A53216552B73BB3100942F6F /* ThreadsTabBarView.swift in Sources */ = {isa = PBXBuildFile; fileRef = A53216542B73BB3100942F6F /* ThreadsTabBarView.swift */; };
		A53216592B73BD1500942F6F /* ActivityView.swift in Sources */ = {isa = PBXBuildFile; fileRef = A53216582B73BD1500942F6F /* ActivityView.swift */; };
		A532165D2B73BD3E00942F6F /* ExploreView.swift in Sources */ = {isa = PBXBuildFile; fileRef = A532165C2B73BD3E00942F6F /* ExploreView.swift */; };
		A53216612B73BD6200942F6F /* FeedView.swift in Sources */ = {isa = PBXBuildFile; fileRef = A53216602B73BD6200942F6F /* FeedView.swift */; };
		A53216652B73BD8A00942F6F /* CreateThreadView.swift in Sources */ = {isa = PBXBuildFile; fileRef = A53216642B73BD8A00942F6F /* CreateThreadView.swift */; };
		A53216692B73BDB000942F6F /* ProfileView.swift in Sources */ = {isa = PBXBuildFile; fileRef = A53216682B73BDB000942F6F /* ProfileView.swift */; };
		A5343EE62B873F8D0098CE29 /* EditProfileViewModel.swift in Sources */ = {isa = PBXBuildFile; fileRef = A5343EE52B873F8D0098CE29 /* EditProfileViewModel.swift */; };
		A5343EE82B8740AD0098CE29 /* ImageUploader.swift in Sources */ = {isa = PBXBuildFile; fileRef = A5343EE72B8740AD0098CE29 /* ImageUploader.swift */; };
		A53B278C2B7D2375000455B0 /* GoogleService-Info.plist in Resources */ = {isa = PBXBuildFile; fileRef = A53B278B2B7D2375000455B0 /* GoogleService-Info.plist */; };
		A53B278F2B7D242F000455B0 /* FirebaseAnalytics in Frameworks */ = {isa = PBXBuildFile; productRef = A53B278E2B7D242F000455B0 /* FirebaseAnalytics */; };
		A53B27912B7D242F000455B0 /* FirebaseAnalyticsOnDeviceConversion in Frameworks */ = {isa = PBXBuildFile; productRef = A53B27902B7D242F000455B0 /* FirebaseAnalyticsOnDeviceConversion */; };
		A53B27932B7D242F000455B0 /* FirebaseAnalyticsSwift in Frameworks */ = {isa = PBXBuildFile; productRef = A53B27922B7D242F000455B0 /* FirebaseAnalyticsSwift */; };
		A53B27952B7D242F000455B0 /* FirebaseAnalyticsWithoutAdIdSupport in Frameworks */ = {isa = PBXBuildFile; productRef = A53B27942B7D242F000455B0 /* FirebaseAnalyticsWithoutAdIdSupport */; };
		A53B27972B7D242F000455B0 /* FirebaseAppCheck in Frameworks */ = {isa = PBXBuildFile; productRef = A53B27962B7D242F000455B0 /* FirebaseAppCheck */; };
		A53B27992B7D242F000455B0 /* FirebaseAppDistribution-Beta in Frameworks */ = {isa = PBXBuildFile; productRef = A53B27982B7D242F000455B0 /* FirebaseAppDistribution-Beta */; };
		A53B279B2B7D242F000455B0 /* FirebaseAuth in Frameworks */ = {isa = PBXBuildFile; productRef = A53B279A2B7D242F000455B0 /* FirebaseAuth */; };
		A53B279D2B7D242F000455B0 /* FirebaseAuthCombine-Community in Frameworks */ = {isa = PBXBuildFile; productRef = A53B279C2B7D242F000455B0 /* FirebaseAuthCombine-Community */; };
		A53B279F2B7D242F000455B0 /* FirebaseCrashlytics in Frameworks */ = {isa = PBXBuildFile; productRef = A53B279E2B7D242F000455B0 /* FirebaseCrashlytics */; };
		A53B27A12B7D242F000455B0 /* FirebaseDatabase in Frameworks */ = {isa = PBXBuildFile; productRef = A53B27A02B7D242F000455B0 /* FirebaseDatabase */; };
		A53B27A32B7D242F000455B0 /* FirebaseDatabaseSwift in Frameworks */ = {isa = PBXBuildFile; productRef = A53B27A22B7D242F000455B0 /* FirebaseDatabaseSwift */; };
		A53B27A52B7D242F000455B0 /* FirebaseDynamicLinks in Frameworks */ = {isa = PBXBuildFile; productRef = A53B27A42B7D242F000455B0 /* FirebaseDynamicLinks */; };
		A53B27A72B7D242F000455B0 /* FirebaseFirestore in Frameworks */ = {isa = PBXBuildFile; productRef = A53B27A62B7D242F000455B0 /* FirebaseFirestore */; };
		A53B27A92B7D242F000455B0 /* FirebaseFirestoreCombine-Community in Frameworks */ = {isa = PBXBuildFile; productRef = A53B27A82B7D242F000455B0 /* FirebaseFirestoreCombine-Community */; };
		A53B27AB2B7D242F000455B0 /* FirebaseFirestoreSwift in Frameworks */ = {isa = PBXBuildFile; productRef = A53B27AA2B7D242F000455B0 /* FirebaseFirestoreSwift */; };
		A53B27AD2B7D242F000455B0 /* FirebaseFunctions in Frameworks */ = {isa = PBXBuildFile; productRef = A53B27AC2B7D242F000455B0 /* FirebaseFunctions */; };
		A53B27AF2B7D242F000455B0 /* FirebaseFunctionsCombine-Community in Frameworks */ = {isa = PBXBuildFile; productRef = A53B27AE2B7D242F000455B0 /* FirebaseFunctionsCombine-Community */; };
		A53B27B12B7D242F000455B0 /* FirebaseInAppMessaging-Beta in Frameworks */ = {isa = PBXBuildFile; productRef = A53B27B02B7D242F000455B0 /* FirebaseInAppMessaging-Beta */; };
		A53B27B32B7D242F000455B0 /* FirebaseInAppMessagingSwift-Beta in Frameworks */ = {isa = PBXBuildFile; productRef = A53B27B22B7D242F000455B0 /* FirebaseInAppMessagingSwift-Beta */; };
		A53B27B52B7D242F000455B0 /* FirebaseInstallations in Frameworks */ = {isa = PBXBuildFile; productRef = A53B27B42B7D242F000455B0 /* FirebaseInstallations */; };
		A53B27B72B7D242F000455B0 /* FirebaseMLModelDownloader in Frameworks */ = {isa = PBXBuildFile; productRef = A53B27B62B7D242F000455B0 /* FirebaseMLModelDownloader */; };
		A53B27B92B7D242F000455B0 /* FirebaseMessaging in Frameworks */ = {isa = PBXBuildFile; productRef = A53B27B82B7D242F000455B0 /* FirebaseMessaging */; };
		A53B27BB2B7D242F000455B0 /* FirebasePerformance in Frameworks */ = {isa = PBXBuildFile; productRef = A53B27BA2B7D242F000455B0 /* FirebasePerformance */; };
		A53B27BD2B7D242F000455B0 /* FirebaseRemoteConfig in Frameworks */ = {isa = PBXBuildFile; productRef = A53B27BC2B7D242F000455B0 /* FirebaseRemoteConfig */; };
		A53B27BF2B7D242F000455B0 /* FirebaseRemoteConfigSwift in Frameworks */ = {isa = PBXBuildFile; productRef = A53B27BE2B7D242F000455B0 /* FirebaseRemoteConfigSwift */; };
		A53B27C12B7D242F000455B0 /* FirebaseStorage in Frameworks */ = {isa = PBXBuildFile; productRef = A53B27C02B7D242F000455B0 /* FirebaseStorage */; };
		A53B27C32B7D242F000455B0 /* FirebaseStorageCombine-Community in Frameworks */ = {isa = PBXBuildFile; productRef = A53B27C22B7D242F000455B0 /* FirebaseStorageCombine-Community */; };
		A54E0D862B87C80B003D8558 /* Kingfisher in Frameworks */ = {isa = PBXBuildFile; productRef = A54E0D852B87C80B003D8558 /* Kingfisher */; };
		A54E0D892B87D4BE003D8558 /* CreateThreadViewModel.swift in Sources */ = {isa = PBXBuildFile; fileRef = A54E0D882B87D4BE003D8558 /* CreateThreadViewModel.swift */; };
		A54E0D8B2B87D5ED003D8558 /* Thread.swift in Sources */ = {isa = PBXBuildFile; fileRef = A54E0D8A2B87D5ED003D8558 /* Thread.swift */; };
		A54E0D8D2B87D710003D8558 /* ThreadService.swift in Sources */ = {isa = PBXBuildFile; fileRef = A54E0D8C2B87D710003D8558 /* ThreadService.swift */; };
		A555F0A52B7E6E2D00B73A2C /* RegistrationViewModel.swift in Sources */ = {isa = PBXBuildFile; fileRef = A555F0A42B7E6E2D00B73A2C /* RegistrationViewModel.swift */; };
		A555F0A72B7E6EC200B73A2C /* AuthService.swift in Sources */ = {isa = PBXBuildFile; fileRef = A555F0A62B7E6EC200B73A2C /* AuthService.swift */; };
		A55B152F2B716D5400FF4851 /* ThreadsApp.swift in Sources */ = {isa = PBXBuildFile; fileRef = A55B152E2B716D5400FF4851 /* ThreadsApp.swift */; };
		A55B15312B716D5400FF4851 /* ContentView.swift in Sources */ = {isa = PBXBuildFile; fileRef = A55B15302B716D5400FF4851 /* ContentView.swift */; };
		A55B15332B716D5500FF4851 /* Assets.xcassets in Resources */ = {isa = PBXBuildFile; fileRef = A55B15322B716D5500FF4851 /* Assets.xcassets */; };
		A55B15362B716D5500FF4851 /* Preview Assets.xcassets in Resources */ = {isa = PBXBuildFile; fileRef = A55B15352B716D5500FF4851 /* Preview Assets.xcassets */; };
		A55B15482B71712B00FF4851 /* LogInView.swift in Sources */ = {isa = PBXBuildFile; fileRef = A55B15472B71712B00FF4851 /* LogInView.swift */; };
		A56F3EBF2B8220D100EC240B /* CurrentUserProfileView.swift in Sources */ = {isa = PBXBuildFile; fileRef = A56F3EBE2B8220D100EC240B /* CurrentUserProfileView.swift */; };
		A56F3EC42B82236300EC240B /* UserContentListView.swift in Sources */ = {isa = PBXBuildFile; fileRef = A56F3EC32B82236300EC240B /* UserContentListView.swift */; };
		A56F3EC62B82243800EC240B /* ProfileHeaderView.swift in Sources */ = {isa = PBXBuildFile; fileRef = A56F3EC52B82243800EC240B /* ProfileHeaderView.swift */; };
		A56F3EC82B82263000EC240B /* PreviewProvider.swift in Sources */ = {isa = PBXBuildFile; fileRef = A56F3EC72B82263000EC240B /* PreviewProvider.swift */; };
		A56F3ECB2B8226E600EC240B /* ExploreViewModel.swift in Sources */ = {isa = PBXBuildFile; fileRef = A56F3ECA2B8226E600EC240B /* ExploreViewModel.swift */; };
		A57EA7D82B80B21C00B10392 /* CurrrentUserProfileViewModel.swift in Sources */ = {isa = PBXBuildFile; fileRef = A57EA7D72B80B21C00B10392 /* CurrrentUserProfileViewModel.swift */; };
		A57EA7DA2B80B2D900B10392 /* UserService.swift in Sources */ = {isa = PBXBuildFile; fileRef = A57EA7D92B80B2D900B10392 /* UserService.swift */; };
		A57EA7DC2B80B4BD00B10392 /* User.swift in Sources */ = {isa = PBXBuildFile; fileRef = A57EA7DB2B80B4BD00B10392 /* User.swift */; };
		A58AF2122B7A98A20031484D /* EditProfileView.swift in Sources */ = {isa = PBXBuildFile; fileRef = A58AF2112B7A98A20031484D /* EditProfileView.swift */; };
		A59CFEB72B89EEDD0049EB3A /* FeedViewModel.swift in Sources */ = {isa = PBXBuildFile; fileRef = A59CFEB62B89EEDD0049EB3A /* FeedViewModel.swift */; };
		A5C7985B2B7A02A1004146C4 /* ProfileThreadFilter.swift in Sources */ = {isa = PBXBuildFile; fileRef = A5C7985A2B7A02A1004146C4 /* ProfileThreadFilter.swift */; };
		A5E3436F2B74BC2D00D20D33 /* FeedViewThreadCell.swift in Sources */ = {isa = PBXBuildFile; fileRef = A5E3436E2B74BC2D00D20D33 /* FeedViewThreadCell.swift */; };
		A5E343722B74C30D00D20D33 /* Launch Screen.storyboard in Resources */ = {isa = PBXBuildFile; fileRef = A5E343712B74C30D00D20D33 /* Launch Screen.storyboard */; };
		A5F73F602B7910F2000D2FC9 /* UserCell.swift in Sources */ = {isa = PBXBuildFile; fileRef = A5F73F5F2B7910F2000D2FC9 /* UserCell.swift */; };
		A5F73F622B791113000D2FC9 /* CircularProfileImageView.swift in Sources */ = {isa = PBXBuildFile; fileRef = A5F73F612B791113000D2FC9 /* CircularProfileImageView.swift */; };
/* End PBXBuildFile section */

/* Begin PBXFileReference section */
		A51326532B7F98B1007BFF28 /* LogInViewModel.swift */ = {isa = PBXFileReference; lastKnownFileType = sourcecode.swift; path = LogInViewModel.swift; sourceTree = "<group>"; };
		A51326572B7F99C2007BFF28 /* ContentViewModel.swift */ = {isa = PBXFileReference; lastKnownFileType = sourcecode.swift; path = ContentViewModel.swift; sourceTree = "<group>"; };
		A532164D2B73ADB400942F6F /* ThreadsTextFieldModifier.swift */ = {isa = PBXFileReference; lastKnownFileType = sourcecode.swift; path = ThreadsTextFieldModifier.swift; sourceTree = "<group>"; };
		A53216512B73AE3C00942F6F /* RegistrationView.swift */ = {isa = PBXFileReference; lastKnownFileType = sourcecode.swift; path = RegistrationView.swift; sourceTree = "<group>"; };
		A53216542B73BB3100942F6F /* ThreadsTabBarView.swift */ = {isa = PBXFileReference; lastKnownFileType = sourcecode.swift; path = ThreadsTabBarView.swift; sourceTree = "<group>"; };
		A53216582B73BD1500942F6F /* ActivityView.swift */ = {isa = PBXFileReference; lastKnownFileType = sourcecode.swift; path = ActivityView.swift; sourceTree = "<group>"; };
		A532165C2B73BD3E00942F6F /* ExploreView.swift */ = {isa = PBXFileReference; lastKnownFileType = sourcecode.swift; path = ExploreView.swift; sourceTree = "<group>"; };
		A53216602B73BD6200942F6F /* FeedView.swift */ = {isa = PBXFileReference; lastKnownFileType = sourcecode.swift; path = FeedView.swift; sourceTree = "<group>"; };
		A53216642B73BD8A00942F6F /* CreateThreadView.swift */ = {isa = PBXFileReference; lastKnownFileType = sourcecode.swift; path = CreateThreadView.swift; sourceTree = "<group>"; };
		A53216682B73BDB000942F6F /* ProfileView.swift */ = {isa = PBXFileReference; lastKnownFileType = sourcecode.swift; path = ProfileView.swift; sourceTree = "<group>"; };
		A5343EE52B873F8D0098CE29 /* EditProfileViewModel.swift */ = {isa = PBXFileReference; lastKnownFileType = sourcecode.swift; path = EditProfileViewModel.swift; sourceTree = "<group>"; };
		A5343EE72B8740AD0098CE29 /* ImageUploader.swift */ = {isa = PBXFileReference; lastKnownFileType = sourcecode.swift; path = ImageUploader.swift; sourceTree = "<group>"; };
		A53B278B2B7D2375000455B0 /* GoogleService-Info.plist */ = {isa = PBXFileReference; fileEncoding = 4; lastKnownFileType = text.plist.xml; path = "GoogleService-Info.plist"; sourceTree = "<group>"; };
		A54E0D882B87D4BE003D8558 /* CreateThreadViewModel.swift */ = {isa = PBXFileReference; lastKnownFileType = sourcecode.swift; path = CreateThreadViewModel.swift; sourceTree = "<group>"; };
		A54E0D8A2B87D5ED003D8558 /* Thread.swift */ = {isa = PBXFileReference; lastKnownFileType = sourcecode.swift; path = Thread.swift; sourceTree = "<group>"; };
		A54E0D8C2B87D710003D8558 /* ThreadService.swift */ = {isa = PBXFileReference; lastKnownFileType = sourcecode.swift; path = ThreadService.swift; sourceTree = "<group>"; };
		A555F0A42B7E6E2D00B73A2C /* RegistrationViewModel.swift */ = {isa = PBXFileReference; lastKnownFileType = sourcecode.swift; path = RegistrationViewModel.swift; sourceTree = "<group>"; };
		A555F0A62B7E6EC200B73A2C /* AuthService.swift */ = {isa = PBXFileReference; lastKnownFileType = sourcecode.swift; path = AuthService.swift; sourceTree = "<group>"; };
		A55B152B2B716D5400FF4851 /* Threads.app */ = {isa = PBXFileReference; explicitFileType = wrapper.application; includeInIndex = 0; path = Threads.app; sourceTree = BUILT_PRODUCTS_DIR; };
		A55B152E2B716D5400FF4851 /* ThreadsApp.swift */ = {isa = PBXFileReference; lastKnownFileType = sourcecode.swift; path = ThreadsApp.swift; sourceTree = "<group>"; };
		A55B15302B716D5400FF4851 /* ContentView.swift */ = {isa = PBXFileReference; lastKnownFileType = sourcecode.swift; path = ContentView.swift; sourceTree = "<group>"; };
		A55B15322B716D5500FF4851 /* Assets.xcassets */ = {isa = PBXFileReference; lastKnownFileType = folder.assetcatalog; path = Assets.xcassets; sourceTree = "<group>"; };
		A55B15352B716D5500FF4851 /* Preview Assets.xcassets */ = {isa = PBXFileReference; lastKnownFileType = folder.assetcatalog; path = "Preview Assets.xcassets"; sourceTree = "<group>"; };
		A55B15472B71712B00FF4851 /* LogInView.swift */ = {isa = PBXFileReference; lastKnownFileType = sourcecode.swift; path = LogInView.swift; sourceTree = "<group>"; };
		A56F3EBE2B8220D100EC240B /* CurrentUserProfileView.swift */ = {isa = PBXFileReference; lastKnownFileType = sourcecode.swift; path = CurrentUserProfileView.swift; sourceTree = "<group>"; };
		A56F3EC32B82236300EC240B /* UserContentListView.swift */ = {isa = PBXFileReference; lastKnownFileType = sourcecode.swift; path = UserContentListView.swift; sourceTree = "<group>"; };
		A56F3EC52B82243800EC240B /* ProfileHeaderView.swift */ = {isa = PBXFileReference; lastKnownFileType = sourcecode.swift; path = ProfileHeaderView.swift; sourceTree = "<group>"; };
		A56F3EC72B82263000EC240B /* PreviewProvider.swift */ = {isa = PBXFileReference; lastKnownFileType = sourcecode.swift; path = PreviewProvider.swift; sourceTree = "<group>"; };
		A56F3ECA2B8226E600EC240B /* ExploreViewModel.swift */ = {isa = PBXFileReference; lastKnownFileType = sourcecode.swift; path = ExploreViewModel.swift; sourceTree = "<group>"; };
		A57EA7D72B80B21C00B10392 /* CurrrentUserProfileViewModel.swift */ = {isa = PBXFileReference; lastKnownFileType = sourcecode.swift; path = CurrrentUserProfileViewModel.swift; sourceTree = "<group>"; };
		A57EA7D92B80B2D900B10392 /* UserService.swift */ = {isa = PBXFileReference; lastKnownFileType = sourcecode.swift; path = UserService.swift; sourceTree = "<group>"; };
		A57EA7DB2B80B4BD00B10392 /* User.swift */ = {isa = PBXFileReference; lastKnownFileType = sourcecode.swift; path = User.swift; sourceTree = "<group>"; };
		A58AF2112B7A98A20031484D /* EditProfileView.swift */ = {isa = PBXFileReference; lastKnownFileType = sourcecode.swift; path = EditProfileView.swift; sourceTree = "<group>"; };
		A59CFEB62B89EEDD0049EB3A /* FeedViewModel.swift */ = {isa = PBXFileReference; lastKnownFileType = sourcecode.swift; path = FeedViewModel.swift; sourceTree = "<group>"; };
		A5C7985A2B7A02A1004146C4 /* ProfileThreadFilter.swift */ = {isa = PBXFileReference; lastKnownFileType = sourcecode.swift; path = ProfileThreadFilter.swift; sourceTree = "<group>"; };
		A5E3436E2B74BC2D00D20D33 /* FeedViewThreadCell.swift */ = {isa = PBXFileReference; lastKnownFileType = sourcecode.swift; path = FeedViewThreadCell.swift; sourceTree = "<group>"; };
		A5E343712B74C30D00D20D33 /* Launch Screen.storyboard */ = {isa = PBXFileReference; lastKnownFileType = file.storyboard; path = "Launch Screen.storyboard"; sourceTree = "<group>"; };
		A5F73F5F2B7910F2000D2FC9 /* UserCell.swift */ = {isa = PBXFileReference; lastKnownFileType = sourcecode.swift; path = UserCell.swift; sourceTree = "<group>"; };
		A5F73F612B791113000D2FC9 /* CircularProfileImageView.swift */ = {isa = PBXFileReference; lastKnownFileType = sourcecode.swift; path = CircularProfileImageView.swift; sourceTree = "<group>"; };
/* End PBXFileReference section */

/* Begin PBXFrameworksBuildPhase section */
		A55B15282B716D5400FF4851 /* Frameworks */ = {
			isa = PBXFrameworksBuildPhase;
			buildActionMask = 2147483647;
			files = (
				A53B27A12B7D242F000455B0 /* FirebaseDatabase in Frameworks */,
				A53B27AF2B7D242F000455B0 /* FirebaseFunctionsCombine-Community in Frameworks */,
				A53B27A72B7D242F000455B0 /* FirebaseFirestore in Frameworks */,
				A53B27932B7D242F000455B0 /* FirebaseAnalyticsSwift in Frameworks */,
				A53B278F2B7D242F000455B0 /* FirebaseAnalytics in Frameworks */,
				A53B27912B7D242F000455B0 /* FirebaseAnalyticsOnDeviceConversion in Frameworks */,
				A53B27B72B7D242F000455B0 /* FirebaseMLModelDownloader in Frameworks */,
				A53B27AB2B7D242F000455B0 /* FirebaseFirestoreSwift in Frameworks */,
				A53B27972B7D242F000455B0 /* FirebaseAppCheck in Frameworks */,
				A53B27952B7D242F000455B0 /* FirebaseAnalyticsWithoutAdIdSupport in Frameworks */,
				A53B279B2B7D242F000455B0 /* FirebaseAuth in Frameworks */,
				A53B279F2B7D242F000455B0 /* FirebaseCrashlytics in Frameworks */,
				A53B27BF2B7D242F000455B0 /* FirebaseRemoteConfigSwift in Frameworks */,
				A53B27B12B7D242F000455B0 /* FirebaseInAppMessaging-Beta in Frameworks */,
				A53B27A32B7D242F000455B0 /* FirebaseDatabaseSwift in Frameworks */,
				A53B27AD2B7D242F000455B0 /* FirebaseFunctions in Frameworks */,
				A54E0D862B87C80B003D8558 /* Kingfisher in Frameworks */,
				A53B27C32B7D242F000455B0 /* FirebaseStorageCombine-Community in Frameworks */,
				A53B27BD2B7D242F000455B0 /* FirebaseRemoteConfig in Frameworks */,
				A53B27992B7D242F000455B0 /* FirebaseAppDistribution-Beta in Frameworks */,
				A53B279D2B7D242F000455B0 /* FirebaseAuthCombine-Community in Frameworks */,
				A53B27BB2B7D242F000455B0 /* FirebasePerformance in Frameworks */,
				A53B27B32B7D242F000455B0 /* FirebaseInAppMessagingSwift-Beta in Frameworks */,
				A53B27C12B7D242F000455B0 /* FirebaseStorage in Frameworks */,
				A53B27A52B7D242F000455B0 /* FirebaseDynamicLinks in Frameworks */,
				A53B27A92B7D242F000455B0 /* FirebaseFirestoreCombine-Community in Frameworks */,
				A53B27B92B7D242F000455B0 /* FirebaseMessaging in Frameworks */,
				A53B27B52B7D242F000455B0 /* FirebaseInstallations in Frameworks */,
			);
			runOnlyForDeploymentPostprocessing = 0;
		};
/* End PBXFrameworksBuildPhase section */

/* Begin PBXGroup section */
		A51326552B7F99AC007BFF28 /* View */ = {
			isa = PBXGroup;
			children = (
				A55B15302B716D5400FF4851 /* ContentView.swift */,
			);
			path = View;
			sourceTree = "<group>";
		};
		A51326562B7F99AE007BFF28 /* ViewModel */ = {
			isa = PBXGroup;
			children = (
				A51326572B7F99C2007BFF28 /* ContentViewModel.swift */,
			);
			path = ViewModel;
			sourceTree = "<group>";
		};
		A532164A2B73AD8800942F6F /* ViewsModifiers */ = {
			isa = PBXGroup;
			children = (
				A532164D2B73ADB400942F6F /* ThreadsTextFieldModifier.swift */,
			);
			path = ViewsModifiers;
			sourceTree = "<group>";
		};
		A53216532B73BB1E00942F6F /* TabBar */ = {
			isa = PBXGroup;
			children = (
				A53216542B73BB3100942F6F /* ThreadsTabBarView.swift */,
			);
			path = TabBar;
			sourceTree = "<group>";
		};
		A53216562B73BCF200942F6F /* Activity */ = {
			isa = PBXGroup;
			children = (
				A53216572B73BCF800942F6F /* View */,
			);
			path = Activity;
			sourceTree = "<group>";
		};
		A53216572B73BCF800942F6F /* View */ = {
			isa = PBXGroup;
			children = (
				A53216582B73BD1500942F6F /* ActivityView.swift */,
			);
			path = View;
			sourceTree = "<group>";
		};
		A532165A2B73BD2700942F6F /* Explore */ = {
			isa = PBXGroup;
			children = (
				A56F3EC92B8226D500EC240B /* ViewModel */,
				A532165B2B73BD3300942F6F /* View */,
			);
			path = Explore;
			sourceTree = "<group>";
		};
		A532165B2B73BD3300942F6F /* View */ = {
			isa = PBXGroup;
			children = (
				A532165C2B73BD3E00942F6F /* ExploreView.swift */,
			);
			path = View;
			sourceTree = "<group>";
		};
		A532165E2B73BD4800942F6F /* Feed */ = {
			isa = PBXGroup;
			children = (
				A59CFEB52B89EED10049EB3A /* ViewModel */,
				A532165F2B73BD5A00942F6F /* View */,
			);
			path = Feed;
			sourceTree = "<group>";
		};
		A532165F2B73BD5A00942F6F /* View */ = {
			isa = PBXGroup;
			children = (
				A53216602B73BD6200942F6F /* FeedView.swift */,
				A5E3436E2B74BC2D00D20D33 /* FeedViewThreadCell.swift */,
			);
			path = View;
			sourceTree = "<group>";
		};
		A53216622B73BD7100942F6F /* CreateThread */ = {
			isa = PBXGroup;
			children = (
				A54E0D872B87D4AE003D8558 /* ViewModel */,
				A53216632B73BD7D00942F6F /* View */,
			);
			path = CreateThread;
			sourceTree = "<group>";
		};
		A53216632B73BD7D00942F6F /* View */ = {
			isa = PBXGroup;
			children = (
				A53216642B73BD8A00942F6F /* CreateThreadView.swift */,
			);
			path = View;
			sourceTree = "<group>";
		};
		A53216662B73BD9F00942F6F /* Profile */ = {
			isa = PBXGroup;
			children = (
				A56F3EC22B82230D00EC240B /* Components */,
				A56F3EBD2B8220BE00EC240B /* CurrentUserProfile */,
				A58AF20F2B7A98880031484D /* EditProfile */,
				A5C798592B7A028D004146C4 /* Model */,
				A53216672B73BDA400942F6F /* UserProfile */,
			);
			path = Profile;
			sourceTree = "<group>";
		};
		A53216672B73BDA400942F6F /* UserProfile */ = {
			isa = PBXGroup;
			children = (
				A53216682B73BDB000942F6F /* ProfileView.swift */,
			);
			path = UserProfile;
			sourceTree = "<group>";
		};
		A5343EE42B873F790098CE29 /* ViewModel */ = {
			isa = PBXGroup;
			children = (
				A5343EE52B873F8D0098CE29 /* EditProfileViewModel.swift */,
			);
			path = ViewModel;
			sourceTree = "<group>";
		};
		A54E0D872B87D4AE003D8558 /* ViewModel */ = {
			isa = PBXGroup;
			children = (
				A54E0D882B87D4BE003D8558 /* CreateThreadViewModel.swift */,
			);
			path = ViewModel;
			sourceTree = "<group>";
		};
		A555F0A22B7E6E0800B73A2C /* ViewModel */ = {
			isa = PBXGroup;
			children = (
				A555F0A42B7E6E2D00B73A2C /* RegistrationViewModel.swift */,
				A51326532B7F98B1007BFF28 /* LogInViewModel.swift */,
			);
			path = ViewModel;
			sourceTree = "<group>";
		};
		A555F0A32B7E6E1600B73A2C /* Service */ = {
			isa = PBXGroup;
			children = (
				A555F0A62B7E6EC200B73A2C /* AuthService.swift */,
			);
			path = Service;
			sourceTree = "<group>";
		};
		A55B15222B716D5400FF4851 = {
			isa = PBXGroup;
			children = (
				A55B152D2B716D5400FF4851 /* Threads */,
				A55B152C2B716D5400FF4851 /* Products */,
			);
			sourceTree = "<group>";
		};
		A55B152C2B716D5400FF4851 /* Products */ = {
			isa = PBXGroup;
			children = (
				A55B152B2B716D5400FF4851 /* Threads.app */,
			);
			name = Products;
			sourceTree = "<group>";
		};
		A55B152D2B716D5400FF4851 /* Threads */ = {
			isa = PBXGroup;
			children = (
				A5F73F5E2B7910E1000D2FC9 /* Components */,
				A55B15422B7170B600FF4851 /* App */,
				A55B15412B7170B500FF4851 /* Core */,
				A55B15402B7170B400FF4851 /* Extensions */,
				A55B153F2B7170B300FF4851 /* Model */,
				A55B153E2B7170B100FF4851 /* Services */,
				A55B153C2B7170A900FF4851 /* Utils */,
				A5E343702B74C2F800D20D33 /* Resources */,
				A55B15342B716D5500FF4851 /* Preview Content */,
			);
			path = Threads;
			sourceTree = "<group>";
		};
		A55B15342B716D5500FF4851 /* Preview Content */ = {
			isa = PBXGroup;
			children = (
				A55B15352B716D5500FF4851 /* Preview Assets.xcassets */,
			);
			path = "Preview Content";
			sourceTree = "<group>";
		};
		A55B153C2B7170A900FF4851 /* Utils */ = {
			isa = PBXGroup;
			children = (
				A532164A2B73AD8800942F6F /* ViewsModifiers */,
			);
			path = Utils;
			sourceTree = "<group>";
		};
		A55B153E2B7170B100FF4851 /* Services */ = {
			isa = PBXGroup;
			children = (
				A57EA7D92B80B2D900B10392 /* UserService.swift */,
				A5343EE72B8740AD0098CE29 /* ImageUploader.swift */,
				A54E0D8C2B87D710003D8558 /* ThreadService.swift */,
			);
			path = Services;
			sourceTree = "<group>";
		};
		A55B153F2B7170B300FF4851 /* Model */ = {
			isa = PBXGroup;
			children = (
				A57EA7DB2B80B4BD00B10392 /* User.swift */,
				A54E0D8A2B87D5ED003D8558 /* Thread.swift */,
			);
			path = Model;
			sourceTree = "<group>";
		};
		A55B15402B7170B400FF4851 /* Extensions */ = {
			isa = PBXGroup;
			children = (
				A56F3EC72B82263000EC240B /* PreviewProvider.swift */,
			);
			path = Extensions;
			sourceTree = "<group>";
		};
		A55B15412B7170B500FF4851 /* Core */ = {
			isa = PBXGroup;
			children = (
				A53216662B73BD9F00942F6F /* Profile */,
				A53216622B73BD7100942F6F /* CreateThread */,
				A532165E2B73BD4800942F6F /* Feed */,
				A532165A2B73BD2700942F6F /* Explore */,
				A53216562B73BCF200942F6F /* Activity */,
				A53216532B73BB1E00942F6F /* TabBar */,
				A55B15452B7170E600FF4851 /* Root */,
				A55B15432B7170CF00FF4851 /* Auth */,
			);
			path = Core;
			sourceTree = "<group>";
		};
		A55B15422B7170B600FF4851 /* App */ = {
			isa = PBXGroup;
			children = (
				A55B152E2B716D5400FF4851 /* ThreadsApp.swift */,
			);
			path = App;
			sourceTree = "<group>";
		};
		A55B15432B7170CF00FF4851 /* Auth */ = {
			isa = PBXGroup;
			children = (
				A555F0A32B7E6E1600B73A2C /* Service */,
				A555F0A22B7E6E0800B73A2C /* ViewModel */,
				A55B15442B7170DB00FF4851 /* Views */,
			);
			path = Auth;
			sourceTree = "<group>";
		};
		A55B15442B7170DB00FF4851 /* Views */ = {
			isa = PBXGroup;
			children = (
				A55B15472B71712B00FF4851 /* LogInView.swift */,
				A53216512B73AE3C00942F6F /* RegistrationView.swift */,
			);
			path = Views;
			sourceTree = "<group>";
		};
		A55B15452B7170E600FF4851 /* Root */ = {
			isa = PBXGroup;
			children = (
				A51326562B7F99AE007BFF28 /* ViewModel */,
				A51326552B7F99AC007BFF28 /* View */,
			);
			path = Root;
			sourceTree = "<group>";
		};
		A56F3EBD2B8220BE00EC240B /* CurrentUserProfile */ = {
			isa = PBXGroup;
			children = (
				A56F3EC12B8222B900EC240B /* View */,
				A56F3EC02B8222B700EC240B /* ViewModel */,
			);
			path = CurrentUserProfile;
			sourceTree = "<group>";
		};
		A56F3EC02B8222B700EC240B /* ViewModel */ = {
			isa = PBXGroup;
			children = (
				A57EA7D72B80B21C00B10392 /* CurrrentUserProfileViewModel.swift */,
			);
			path = ViewModel;
			sourceTree = "<group>";
		};
		A56F3EC12B8222B900EC240B /* View */ = {
			isa = PBXGroup;
			children = (
				A56F3EBE2B8220D100EC240B /* CurrentUserProfileView.swift */,
			);
			path = View;
			sourceTree = "<group>";
		};
		A56F3EC22B82230D00EC240B /* Components */ = {
			isa = PBXGroup;
			children = (
				A56F3EC32B82236300EC240B /* UserContentListView.swift */,
				A56F3EC52B82243800EC240B /* ProfileHeaderView.swift */,
			);
			path = Components;
			sourceTree = "<group>";
		};
		A56F3EC92B8226D500EC240B /* ViewModel */ = {
			isa = PBXGroup;
			children = (
				A56F3ECA2B8226E600EC240B /* ExploreViewModel.swift */,
			);
			path = ViewModel;
			sourceTree = "<group>";
		};
		A58AF20F2B7A98880031484D /* EditProfile */ = {
			isa = PBXGroup;
			children = (
				A5343EE42B873F790098CE29 /* ViewModel */,
				A58AF2102B7A98930031484D /* View */,
			);
			path = EditProfile;
			sourceTree = "<group>";
		};
		A58AF2102B7A98930031484D /* View */ = {
			isa = PBXGroup;
			children = (
				A58AF2112B7A98A20031484D /* EditProfileView.swift */,
			);
			path = View;
			sourceTree = "<group>";
		};
		A59CFEB52B89EED10049EB3A /* ViewModel */ = {
			isa = PBXGroup;
			children = (
				A59CFEB62B89EEDD0049EB3A /* FeedViewModel.swift */,
			);
			path = ViewModel;
			sourceTree = "<group>";
		};
		A5C798592B7A028D004146C4 /* Model */ = {
			isa = PBXGroup;
			children = (
				A5C7985A2B7A02A1004146C4 /* ProfileThreadFilter.swift */,
			);
			path = Model;
			sourceTree = "<group>";
		};
		A5E343702B74C2F800D20D33 /* Resources */ = {
			isa = PBXGroup;
			children = (
				A53B278B2B7D2375000455B0 /* GoogleService-Info.plist */,
				A55B15322B716D5500FF4851 /* Assets.xcassets */,
				A5E343712B74C30D00D20D33 /* Launch Screen.storyboard */,
			);
			path = Resources;
			sourceTree = "<group>";
		};
		A5F73F5E2B7910E1000D2FC9 /* Components */ = {
			isa = PBXGroup;
			children = (
				A5F73F5F2B7910F2000D2FC9 /* UserCell.swift */,
				A5F73F612B791113000D2FC9 /* CircularProfileImageView.swift */,
			);
			path = Components;
			sourceTree = "<group>";
		};
/* End PBXGroup section */

/* Begin PBXNativeTarget section */
		A55B152A2B716D5400FF4851 /* Threads */ = {
			isa = PBXNativeTarget;
			buildConfigurationList = A55B15392B716D5500FF4851 /* Build configuration list for PBXNativeTarget "Threads" */;
			buildPhases = (
				A55B15272B716D5400FF4851 /* Sources */,
				A55B15282B716D5400FF4851 /* Frameworks */,
				A55B15292B716D5400FF4851 /* Resources */,
			);
			buildRules = (
			);
			dependencies = (
			);
			name = Threads;
			packageProductDependencies = (
				A53B278E2B7D242F000455B0 /* FirebaseAnalytics */,
				A53B27902B7D242F000455B0 /* FirebaseAnalyticsOnDeviceConversion */,
				A53B27922B7D242F000455B0 /* FirebaseAnalyticsSwift */,
				A53B27942B7D242F000455B0 /* FirebaseAnalyticsWithoutAdIdSupport */,
				A53B27962B7D242F000455B0 /* FirebaseAppCheck */,
				A53B27982B7D242F000455B0 /* FirebaseAppDistribution-Beta */,
				A53B279A2B7D242F000455B0 /* FirebaseAuth */,
				A53B279C2B7D242F000455B0 /* FirebaseAuthCombine-Community */,
				A53B279E2B7D242F000455B0 /* FirebaseCrashlytics */,
				A53B27A02B7D242F000455B0 /* FirebaseDatabase */,
				A53B27A22B7D242F000455B0 /* FirebaseDatabaseSwift */,
				A53B27A42B7D242F000455B0 /* FirebaseDynamicLinks */,
				A53B27A62B7D242F000455B0 /* FirebaseFirestore */,
				A53B27A82B7D242F000455B0 /* FirebaseFirestoreCombine-Community */,
				A53B27AA2B7D242F000455B0 /* FirebaseFirestoreSwift */,
				A53B27AC2B7D242F000455B0 /* FirebaseFunctions */,
				A53B27AE2B7D242F000455B0 /* FirebaseFunctionsCombine-Community */,
				A53B27B02B7D242F000455B0 /* FirebaseInAppMessaging-Beta */,
				A53B27B22B7D242F000455B0 /* FirebaseInAppMessagingSwift-Beta */,
				A53B27B42B7D242F000455B0 /* FirebaseInstallations */,
				A53B27B62B7D242F000455B0 /* FirebaseMLModelDownloader */,
				A53B27B82B7D242F000455B0 /* FirebaseMessaging */,
				A53B27BA2B7D242F000455B0 /* FirebasePerformance */,
				A53B27BC2B7D242F000455B0 /* FirebaseRemoteConfig */,
				A53B27BE2B7D242F000455B0 /* FirebaseRemoteConfigSwift */,
				A53B27C02B7D242F000455B0 /* FirebaseStorage */,
				A53B27C22B7D242F000455B0 /* FirebaseStorageCombine-Community */,
				A54E0D852B87C80B003D8558 /* Kingfisher */,
			);
			productName = Threads;
			productReference = A55B152B2B716D5400FF4851 /* Threads.app */;
			productType = "com.apple.product-type.application";
		};
/* End PBXNativeTarget section */

/* Begin PBXProject section */
		A55B15232B716D5400FF4851 /* Project object */ = {
			isa = PBXProject;
			attributes = {
				BuildIndependentTargetsInParallel = 1;
				LastSwiftUpdateCheck = 1500;
				LastUpgradeCheck = 1500;
				TargetAttributes = {
					A55B152A2B716D5400FF4851 = {
						CreatedOnToolsVersion = 15.0.1;
					};
				};
			};
			buildConfigurationList = A55B15262B716D5400FF4851 /* Build configuration list for PBXProject "Threads" */;
			compatibilityVersion = "Xcode 14.0";
			developmentRegion = en;
			hasScannedForEncodings = 0;
			knownRegions = (
				en,
				Base,
			);
			mainGroup = A55B15222B716D5400FF4851;
			packageReferences = (
				A53B278D2B7D242F000455B0 /* XCRemoteSwiftPackageReference "firebase-ios-sdk" */,
				A54E0D842B87C80B003D8558 /* XCRemoteSwiftPackageReference "Kingfisher" */,
			);
			productRefGroup = A55B152C2B716D5400FF4851 /* Products */;
			projectDirPath = "";
			projectRoot = "";
			targets = (
				A55B152A2B716D5400FF4851 /* Threads */,
			);
		};
/* End PBXProject section */

/* Begin PBXResourcesBuildPhase section */
		A55B15292B716D5400FF4851 /* Resources */ = {
			isa = PBXResourcesBuildPhase;
			buildActionMask = 2147483647;
			files = (
				A5E343722B74C30D00D20D33 /* Launch Screen.storyboard in Resources */,
				A55B15362B716D5500FF4851 /* Preview Assets.xcassets in Resources */,
				A55B15332B716D5500FF4851 /* Assets.xcassets in Resources */,
				A53B278C2B7D2375000455B0 /* GoogleService-Info.plist in Resources */,
			);
			runOnlyForDeploymentPostprocessing = 0;
		};
/* End PBXResourcesBuildPhase section */

/* Begin PBXSourcesBuildPhase section */
		A55B15272B716D5400FF4851 /* Sources */ = {
			isa = PBXSourcesBuildPhase;
			buildActionMask = 2147483647;
			files = (
				A53216652B73BD8A00942F6F /* CreateThreadView.swift in Sources */,
				A54E0D892B87D4BE003D8558 /* CreateThreadViewModel.swift in Sources */,
				A555F0A52B7E6E2D00B73A2C /* RegistrationViewModel.swift in Sources */,
				A5F73F602B7910F2000D2FC9 /* UserCell.swift in Sources */,
				A555F0A72B7E6EC200B73A2C /* AuthService.swift in Sources */,
				A51326582B7F99C2007BFF28 /* ContentViewModel.swift in Sources */,
				A5343EE62B873F8D0098CE29 /* EditProfileViewModel.swift in Sources */,
				A58AF2122B7A98A20031484D /* EditProfileView.swift in Sources */,
				A56F3EBF2B8220D100EC240B /* CurrentUserProfileView.swift in Sources */,
				A56F3EC82B82263000EC240B /* PreviewProvider.swift in Sources */,
				A57EA7DA2B80B2D900B10392 /* UserService.swift in Sources */,
				A57EA7D82B80B21C00B10392 /* CurrrentUserProfileViewModel.swift in Sources */,
				A532164E2B73ADB400942F6F /* ThreadsTextFieldModifier.swift in Sources */,
				A53216612B73BD6200942F6F /* FeedView.swift in Sources */,
				A55B15482B71712B00FF4851 /* LogInView.swift in Sources */,
				A56F3EC42B82236300EC240B /* UserContentListView.swift in Sources */,
				A55B15312B716D5400FF4851 /* ContentView.swift in Sources */,
				A55B152F2B716D5400FF4851 /* ThreadsApp.swift in Sources */,
				A59CFEB72B89EEDD0049EB3A /* FeedViewModel.swift in Sources */,
				A5343EE82B8740AD0098CE29 /* ImageUploader.swift in Sources */,
				A5F73F622B791113000D2FC9 /* CircularProfileImageView.swift in Sources */,
				A51326542B7F98B1007BFF28 /* LogInViewModel.swift in Sources */,
				A5C7985B2B7A02A1004146C4 /* ProfileThreadFilter.swift in Sources */,
				A5E3436F2B74BC2D00D20D33 /* FeedViewThreadCell.swift in Sources */,
				A56F3ECB2B8226E600EC240B /* ExploreViewModel.swift in Sources */,
				A56F3EC62B82243800EC240B /* ProfileHeaderView.swift in Sources */,
				A53216592B73BD1500942F6F /* ActivityView.swift in Sources */,
				A53216552B73BB3100942F6F /* ThreadsTabBarView.swift in Sources */,
				A532165D2B73BD3E00942F6F /* ExploreView.swift in Sources */,
				A53216692B73BDB000942F6F /* ProfileView.swift in Sources */,
				A53216522B73AE3C00942F6F /* RegistrationView.swift in Sources */,
				A57EA7DC2B80B4BD00B10392 /* User.swift in Sources */,
				A54E0D8B2B87D5ED003D8558 /* Thread.swift in Sources */,
				A54E0D8D2B87D710003D8558 /* ThreadService.swift in Sources */,
			);
			runOnlyForDeploymentPostprocessing = 0;
		};
/* End PBXSourcesBuildPhase section */

/* Begin XCBuildConfiguration section */
		A55B15372B716D5500FF4851 /* Debug */ = {
			isa = XCBuildConfiguration;
			buildSettings = {
				ALWAYS_SEARCH_USER_PATHS = NO;
				ASSETCATALOG_COMPILER_GENERATE_SWIFT_ASSET_SYMBOL_EXTENSIONS = YES;
				CLANG_ANALYZER_NONNULL = YES;
				CLANG_ANALYZER_NUMBER_OBJECT_CONVERSION = YES_AGGRESSIVE;
				CLANG_CXX_LANGUAGE_STANDARD = "gnu++20";
				CLANG_ENABLE_MODULES = YES;
				CLANG_ENABLE_OBJC_ARC = YES;
				CLANG_ENABLE_OBJC_WEAK = YES;
				CLANG_WARN_BLOCK_CAPTURE_AUTORELEASING = YES;
				CLANG_WARN_BOOL_CONVERSION = YES;
				CLANG_WARN_COMMA = YES;
				CLANG_WARN_CONSTANT_CONVERSION = YES;
				CLANG_WARN_DEPRECATED_OBJC_IMPLEMENTATIONS = YES;
				CLANG_WARN_DIRECT_OBJC_ISA_USAGE = YES_ERROR;
				CLANG_WARN_DOCUMENTATION_COMMENTS = YES;
				CLANG_WARN_EMPTY_BODY = YES;
				CLANG_WARN_ENUM_CONVERSION = YES;
				CLANG_WARN_INFINITE_RECURSION = YES;
				CLANG_WARN_INT_CONVERSION = YES;
				CLANG_WARN_NON_LITERAL_NULL_CONVERSION = YES;
				CLANG_WARN_OBJC_IMPLICIT_RETAIN_SELF = YES;
				CLANG_WARN_OBJC_LITERAL_CONVERSION = YES;
				CLANG_WARN_OBJC_ROOT_CLASS = YES_ERROR;
				CLANG_WARN_QUOTED_INCLUDE_IN_FRAMEWORK_HEADER = YES;
				CLANG_WARN_RANGE_LOOP_ANALYSIS = YES;
				CLANG_WARN_STRICT_PROTOTYPES = YES;
				CLANG_WARN_SUSPICIOUS_MOVE = YES;
				CLANG_WARN_UNGUARDED_AVAILABILITY = YES_AGGRESSIVE;
				CLANG_WARN_UNREACHABLE_CODE = YES;
				CLANG_WARN__DUPLICATE_METHOD_MATCH = YES;
				COPY_PHASE_STRIP = NO;
				DEBUG_INFORMATION_FORMAT = dwarf;
				ENABLE_STRICT_OBJC_MSGSEND = YES;
				ENABLE_TESTABILITY = YES;
				ENABLE_USER_SCRIPT_SANDBOXING = YES;
				GCC_C_LANGUAGE_STANDARD = gnu17;
				GCC_DYNAMIC_NO_PIC = NO;
				GCC_NO_COMMON_BLOCKS = YES;
				GCC_OPTIMIZATION_LEVEL = 0;
				GCC_PREPROCESSOR_DEFINITIONS = (
					"DEBUG=1",
					"$(inherited)",
				);
				GCC_WARN_64_TO_32_BIT_CONVERSION = YES;
				GCC_WARN_ABOUT_RETURN_TYPE = YES_ERROR;
				GCC_WARN_UNDECLARED_SELECTOR = YES;
				GCC_WARN_UNINITIALIZED_AUTOS = YES_AGGRESSIVE;
				GCC_WARN_UNUSED_FUNCTION = YES;
				GCC_WARN_UNUSED_VARIABLE = YES;
				IPHONEOS_DEPLOYMENT_TARGET = 17.0;
				LOCALIZATION_PREFERS_STRING_CATALOGS = YES;
				MTL_ENABLE_DEBUG_INFO = INCLUDE_SOURCE;
				MTL_FAST_MATH = YES;
				ONLY_ACTIVE_ARCH = YES;
				SDKROOT = iphoneos;
				SWIFT_ACTIVE_COMPILATION_CONDITIONS = "DEBUG $(inherited)";
				SWIFT_OPTIMIZATION_LEVEL = "-Onone";
			};
			name = Debug;
		};
		A55B15382B716D5500FF4851 /* Release */ = {
			isa = XCBuildConfiguration;
			buildSettings = {
				ALWAYS_SEARCH_USER_PATHS = NO;
				ASSETCATALOG_COMPILER_GENERATE_SWIFT_ASSET_SYMBOL_EXTENSIONS = YES;
				CLANG_ANALYZER_NONNULL = YES;
				CLANG_ANALYZER_NUMBER_OBJECT_CONVERSION = YES_AGGRESSIVE;
				CLANG_CXX_LANGUAGE_STANDARD = "gnu++20";
				CLANG_ENABLE_MODULES = YES;
				CLANG_ENABLE_OBJC_ARC = YES;
				CLANG_ENABLE_OBJC_WEAK = YES;
				CLANG_WARN_BLOCK_CAPTURE_AUTORELEASING = YES;
				CLANG_WARN_BOOL_CONVERSION = YES;
				CLANG_WARN_COMMA = YES;
				CLANG_WARN_CONSTANT_CONVERSION = YES;
				CLANG_WARN_DEPRECATED_OBJC_IMPLEMENTATIONS = YES;
				CLANG_WARN_DIRECT_OBJC_ISA_USAGE = YES_ERROR;
				CLANG_WARN_DOCUMENTATION_COMMENTS = YES;
				CLANG_WARN_EMPTY_BODY = YES;
				CLANG_WARN_ENUM_CONVERSION = YES;
				CLANG_WARN_INFINITE_RECURSION = YES;
				CLANG_WARN_INT_CONVERSION = YES;
				CLANG_WARN_NON_LITERAL_NULL_CONVERSION = YES;
				CLANG_WARN_OBJC_IMPLICIT_RETAIN_SELF = YES;
				CLANG_WARN_OBJC_LITERAL_CONVERSION = YES;
				CLANG_WARN_OBJC_ROOT_CLASS = YES_ERROR;
				CLANG_WARN_QUOTED_INCLUDE_IN_FRAMEWORK_HEADER = YES;
				CLANG_WARN_RANGE_LOOP_ANALYSIS = YES;
				CLANG_WARN_STRICT_PROTOTYPES = YES;
				CLANG_WARN_SUSPICIOUS_MOVE = YES;
				CLANG_WARN_UNGUARDED_AVAILABILITY = YES_AGGRESSIVE;
				CLANG_WARN_UNREACHABLE_CODE = YES;
				CLANG_WARN__DUPLICATE_METHOD_MATCH = YES;
				COPY_PHASE_STRIP = NO;
				DEBUG_INFORMATION_FORMAT = "dwarf-with-dsym";
				ENABLE_NS_ASSERTIONS = NO;
				ENABLE_STRICT_OBJC_MSGSEND = YES;
				ENABLE_USER_SCRIPT_SANDBOXING = YES;
				GCC_C_LANGUAGE_STANDARD = gnu17;
				GCC_NO_COMMON_BLOCKS = YES;
				GCC_WARN_64_TO_32_BIT_CONVERSION = YES;
				GCC_WARN_ABOUT_RETURN_TYPE = YES_ERROR;
				GCC_WARN_UNDECLARED_SELECTOR = YES;
				GCC_WARN_UNINITIALIZED_AUTOS = YES_AGGRESSIVE;
				GCC_WARN_UNUSED_FUNCTION = YES;
				GCC_WARN_UNUSED_VARIABLE = YES;
				IPHONEOS_DEPLOYMENT_TARGET = 17.0;
				LOCALIZATION_PREFERS_STRING_CATALOGS = YES;
				MTL_ENABLE_DEBUG_INFO = NO;
				MTL_FAST_MATH = YES;
				SDKROOT = iphoneos;
				SWIFT_COMPILATION_MODE = wholemodule;
				VALIDATE_PRODUCT = YES;
			};
			name = Release;
		};
		A55B153A2B716D5500FF4851 /* Debug */ = {
			isa = XCBuildConfiguration;
			buildSettings = {
				ASSETCATALOG_COMPILER_APPICON_NAME = AppIcon;
				ASSETCATALOG_COMPILER_GLOBAL_ACCENT_COLOR_NAME = AccentColor;
				CODE_SIGN_STYLE = Automatic;
				CURRENT_PROJECT_VERSION = 1;
				DEVELOPMENT_ASSET_PATHS = "\"Threads/Preview Content\"";
				DEVELOPMENT_TEAM = DHN2697SML;
				ENABLE_PREVIEWS = YES;
				GENERATE_INFOPLIST_FILE = YES;
				INFOPLIST_KEY_UIApplicationSceneManifest_Generation = YES;
				INFOPLIST_KEY_UIApplicationSupportsIndirectInputEvents = YES;
				INFOPLIST_KEY_UILaunchScreen_Generation = YES;
				INFOPLIST_KEY_UILaunchStoryboardName = "Launch Screen.storyboard";
				INFOPLIST_KEY_UISupportedInterfaceOrientations_iPad = "UIInterfaceOrientationPortrait UIInterfaceOrientationPortraitUpsideDown UIInterfaceOrientationLandscapeLeft UIInterfaceOrientationLandscapeRight";
				INFOPLIST_KEY_UISupportedInterfaceOrientations_iPhone = "UIInterfaceOrientationPortrait UIInterfaceOrientationLandscapeLeft UIInterfaceOrientationLandscapeRight";
				IPHONEOS_DEPLOYMENT_TARGET = 16.6;
				LD_RUNPATH_SEARCH_PATHS = (
					"$(inherited)",
					"@executable_path/Frameworks",
				);
				MARKETING_VERSION = 1.0;
				PRODUCT_BUNDLE_IDENTIFIER = abkubatt.Threads;
				PRODUCT_NAME = "$(TARGET_NAME)";
				SWIFT_EMIT_LOC_STRINGS = YES;
				SWIFT_VERSION = 5.0;
				TARGETED_DEVICE_FAMILY = "1,2";
			};
			name = Debug;
		};
		A55B153B2B716D5500FF4851 /* Release */ = {
			isa = XCBuildConfiguration;
			buildSettings = {
				ASSETCATALOG_COMPILER_APPICON_NAME = AppIcon;
				ASSETCATALOG_COMPILER_GLOBAL_ACCENT_COLOR_NAME = AccentColor;
				CODE_SIGN_STYLE = Automatic;
				CURRENT_PROJECT_VERSION = 1;
				DEVELOPMENT_ASSET_PATHS = "\"Threads/Preview Content\"";
				DEVELOPMENT_TEAM = DHN2697SML;
				ENABLE_PREVIEWS = YES;
				GENERATE_INFOPLIST_FILE = YES;
				INFOPLIST_KEY_UIApplicationSceneManifest_Generation = YES;
				INFOPLIST_KEY_UIApplicationSupportsIndirectInputEvents = YES;
				INFOPLIST_KEY_UILaunchScreen_Generation = YES;
				INFOPLIST_KEY_UILaunchStoryboardName = "Launch Screen.storyboard";
				INFOPLIST_KEY_UISupportedInterfaceOrientations_iPad = "UIInterfaceOrientationPortrait UIInterfaceOrientationPortraitUpsideDown UIInterfaceOrientationLandscapeLeft UIInterfaceOrientationLandscapeRight";
				INFOPLIST_KEY_UISupportedInterfaceOrientations_iPhone = "UIInterfaceOrientationPortrait UIInterfaceOrientationLandscapeLeft UIInterfaceOrientationLandscapeRight";
				IPHONEOS_DEPLOYMENT_TARGET = 16.6;
				LD_RUNPATH_SEARCH_PATHS = (
					"$(inherited)",
					"@executable_path/Frameworks",
				);
				MARKETING_VERSION = 1.0;
				PRODUCT_BUNDLE_IDENTIFIER = abkubatt.Threads;
				PRODUCT_NAME = "$(TARGET_NAME)";
				SWIFT_EMIT_LOC_STRINGS = YES;
				SWIFT_VERSION = 5.0;
				TARGETED_DEVICE_FAMILY = "1,2";
			};
			name = Release;
		};
/* End XCBuildConfiguration section */

/* Begin XCConfigurationList section */
		A55B15262B716D5400FF4851 /* Build configuration list for PBXProject "Threads" */ = {
			isa = XCConfigurationList;
			buildConfigurations = (
				A55B15372B716D5500FF4851 /* Debug */,
				A55B15382B716D5500FF4851 /* Release */,
			);
			defaultConfigurationIsVisible = 0;
			defaultConfigurationName = Release;
		};
		A55B15392B716D5500FF4851 /* Build configuration list for PBXNativeTarget "Threads" */ = {
			isa = XCConfigurationList;
			buildConfigurations = (
				A55B153A2B716D5500FF4851 /* Debug */,
				A55B153B2B716D5500FF4851 /* Release */,
			);
			defaultConfigurationIsVisible = 0;
			defaultConfigurationName = Release;
		};
/* End XCConfigurationList section */

/* Begin XCRemoteSwiftPackageReference section */
		A53B278D2B7D242F000455B0 /* XCRemoteSwiftPackageReference "firebase-ios-sdk" */ = {
			isa = XCRemoteSwiftPackageReference;
			repositoryURL = "https://github.com/firebase/firebase-ios-sdk.git";
			requirement = {
				kind = upToNextMajorVersion;
				minimumVersion = 10.21.0;
			};
		};
		A54E0D842B87C80B003D8558 /* XCRemoteSwiftPackageReference "Kingfisher" */ = {
			isa = XCRemoteSwiftPackageReference;
			repositoryURL = "https://github.com/onevcat/Kingfisher.git";
			requirement = {
				kind = upToNextMajorVersion;
				minimumVersion = 7.11.0;
			};
		};
/* End XCRemoteSwiftPackageReference section */

/* Begin XCSwiftPackageProductDependency section */
		A53B278E2B7D242F000455B0 /* FirebaseAnalytics */ = {
			isa = XCSwiftPackageProductDependency;
			package = A53B278D2B7D242F000455B0 /* XCRemoteSwiftPackageReference "firebase-ios-sdk" */;
			productName = FirebaseAnalytics;
		};
		A53B27902B7D242F000455B0 /* FirebaseAnalyticsOnDeviceConversion */ = {
			isa = XCSwiftPackageProductDependency;
			package = A53B278D2B7D242F000455B0 /* XCRemoteSwiftPackageReference "firebase-ios-sdk" */;
			productName = FirebaseAnalyticsOnDeviceConversion;
		};
		A53B27922B7D242F000455B0 /* FirebaseAnalyticsSwift */ = {
			isa = XCSwiftPackageProductDependency;
			package = A53B278D2B7D242F000455B0 /* XCRemoteSwiftPackageReference "firebase-ios-sdk" */;
			productName = FirebaseAnalyticsSwift;
		};
		A53B27942B7D242F000455B0 /* FirebaseAnalyticsWithoutAdIdSupport */ = {
			isa = XCSwiftPackageProductDependency;
			package = A53B278D2B7D242F000455B0 /* XCRemoteSwiftPackageReference "firebase-ios-sdk" */;
			productName = FirebaseAnalyticsWithoutAdIdSupport;
		};
		A53B27962B7D242F000455B0 /* FirebaseAppCheck */ = {
			isa = XCSwiftPackageProductDependency;
			package = A53B278D2B7D242F000455B0 /* XCRemoteSwiftPackageReference "firebase-ios-sdk" */;
			productName = FirebaseAppCheck;
		};
		A53B27982B7D242F000455B0 /* FirebaseAppDistribution-Beta */ = {
			isa = XCSwiftPackageProductDependency;
			package = A53B278D2B7D242F000455B0 /* XCRemoteSwiftPackageReference "firebase-ios-sdk" */;
			productName = "FirebaseAppDistribution-Beta";
		};
		A53B279A2B7D242F000455B0 /* FirebaseAuth */ = {
			isa = XCSwiftPackageProductDependency;
			package = A53B278D2B7D242F000455B0 /* XCRemoteSwiftPackageReference "firebase-ios-sdk" */;
			productName = FirebaseAuth;
		};
		A53B279C2B7D242F000455B0 /* FirebaseAuthCombine-Community */ = {
			isa = XCSwiftPackageProductDependency;
			package = A53B278D2B7D242F000455B0 /* XCRemoteSwiftPackageReference "firebase-ios-sdk" */;
			productName = "FirebaseAuthCombine-Community";
		};
		A53B279E2B7D242F000455B0 /* FirebaseCrashlytics */ = {
			isa = XCSwiftPackageProductDependency;
			package = A53B278D2B7D242F000455B0 /* XCRemoteSwiftPackageReference "firebase-ios-sdk" */;
			productName = FirebaseCrashlytics;
		};
		A53B27A02B7D242F000455B0 /* FirebaseDatabase */ = {
			isa = XCSwiftPackageProductDependency;
			package = A53B278D2B7D242F000455B0 /* XCRemoteSwiftPackageReference "firebase-ios-sdk" */;
			productName = FirebaseDatabase;
		};
		A53B27A22B7D242F000455B0 /* FirebaseDatabaseSwift */ = {
			isa = XCSwiftPackageProductDependency;
			package = A53B278D2B7D242F000455B0 /* XCRemoteSwiftPackageReference "firebase-ios-sdk" */;
			productName = FirebaseDatabaseSwift;
		};
		A53B27A42B7D242F000455B0 /* FirebaseDynamicLinks */ = {
			isa = XCSwiftPackageProductDependency;
			package = A53B278D2B7D242F000455B0 /* XCRemoteSwiftPackageReference "firebase-ios-sdk" */;
			productName = FirebaseDynamicLinks;
		};
		A53B27A62B7D242F000455B0 /* FirebaseFirestore */ = {
			isa = XCSwiftPackageProductDependency;
			package = A53B278D2B7D242F000455B0 /* XCRemoteSwiftPackageReference "firebase-ios-sdk" */;
			productName = FirebaseFirestore;
		};
		A53B27A82B7D242F000455B0 /* FirebaseFirestoreCombine-Community */ = {
			isa = XCSwiftPackageProductDependency;
			package = A53B278D2B7D242F000455B0 /* XCRemoteSwiftPackageReference "firebase-ios-sdk" */;
			productName = "FirebaseFirestoreCombine-Community";
		};
		A53B27AA2B7D242F000455B0 /* FirebaseFirestoreSwift */ = {
			isa = XCSwiftPackageProductDependency;
			package = A53B278D2B7D242F000455B0 /* XCRemoteSwiftPackageReference "firebase-ios-sdk" */;
			productName = FirebaseFirestoreSwift;
		};
		A53B27AC2B7D242F000455B0 /* FirebaseFunctions */ = {
			isa = XCSwiftPackageProductDependency;
			package = A53B278D2B7D242F000455B0 /* XCRemoteSwiftPackageReference "firebase-ios-sdk" */;
			productName = FirebaseFunctions;
		};
		A53B27AE2B7D242F000455B0 /* FirebaseFunctionsCombine-Community */ = {
			isa = XCSwiftPackageProductDependency;
			package = A53B278D2B7D242F000455B0 /* XCRemoteSwiftPackageReference "firebase-ios-sdk" */;
			productName = "FirebaseFunctionsCombine-Community";
		};
		A53B27B02B7D242F000455B0 /* FirebaseInAppMessaging-Beta */ = {
			isa = XCSwiftPackageProductDependency;
			package = A53B278D2B7D242F000455B0 /* XCRemoteSwiftPackageReference "firebase-ios-sdk" */;
			productName = "FirebaseInAppMessaging-Beta";
		};
		A53B27B22B7D242F000455B0 /* FirebaseInAppMessagingSwift-Beta */ = {
			isa = XCSwiftPackageProductDependency;
			package = A53B278D2B7D242F000455B0 /* XCRemoteSwiftPackageReference "firebase-ios-sdk" */;
			productName = "FirebaseInAppMessagingSwift-Beta";
		};
		A53B27B42B7D242F000455B0 /* FirebaseInstallations */ = {
			isa = XCSwiftPackageProductDependency;
			package = A53B278D2B7D242F000455B0 /* XCRemoteSwiftPackageReference "firebase-ios-sdk" */;
			productName = FirebaseInstallations;
		};
		A53B27B62B7D242F000455B0 /* FirebaseMLModelDownloader */ = {
			isa = XCSwiftPackageProductDependency;
			package = A53B278D2B7D242F000455B0 /* XCRemoteSwiftPackageReference "firebase-ios-sdk" */;
			productName = FirebaseMLModelDownloader;
		};
		A53B27B82B7D242F000455B0 /* FirebaseMessaging */ = {
			isa = XCSwiftPackageProductDependency;
			package = A53B278D2B7D242F000455B0 /* XCRemoteSwiftPackageReference "firebase-ios-sdk" */;
			productName = FirebaseMessaging;
		};
		A53B27BA2B7D242F000455B0 /* FirebasePerformance */ = {
			isa = XCSwiftPackageProductDependency;
			package = A53B278D2B7D242F000455B0 /* XCRemoteSwiftPackageReference "firebase-ios-sdk" */;
			productName = FirebasePerformance;
		};
		A53B27BC2B7D242F000455B0 /* FirebaseRemoteConfig */ = {
			isa = XCSwiftPackageProductDependency;
			package = A53B278D2B7D242F000455B0 /* XCRemoteSwiftPackageReference "firebase-ios-sdk" */;
			productName = FirebaseRemoteConfig;
		};
		A53B27BE2B7D242F000455B0 /* FirebaseRemoteConfigSwift */ = {
			isa = XCSwiftPackageProductDependency;
			package = A53B278D2B7D242F000455B0 /* XCRemoteSwiftPackageReference "firebase-ios-sdk" */;
			productName = FirebaseRemoteConfigSwift;
		};
		A53B27C02B7D242F000455B0 /* FirebaseStorage */ = {
			isa = XCSwiftPackageProductDependency;
			package = A53B278D2B7D242F000455B0 /* XCRemoteSwiftPackageReference "firebase-ios-sdk" */;
			productName = FirebaseStorage;
		};
		A53B27C22B7D242F000455B0 /* FirebaseStorageCombine-Community */ = {
			isa = XCSwiftPackageProductDependency;
			package = A53B278D2B7D242F000455B0 /* XCRemoteSwiftPackageReference "firebase-ios-sdk" */;
			productName = "FirebaseStorageCombine-Community";
		};
		A54E0D852B87C80B003D8558 /* Kingfisher */ = {
			isa = XCSwiftPackageProductDependency;
			package = A54E0D842B87C80B003D8558 /* XCRemoteSwiftPackageReference "Kingfisher" */;
			productName = Kingfisher;
		};
/* End XCSwiftPackageProductDependency section */
	};
	rootObject = A55B15232B716D5400FF4851 /* Project object */;
}
